
Microsoft Visual Studio Solution File, Format Version 12.00
# Visual Studio Version 16
VisualStudioVersion = 16.0.31105.61
MinimumVisualStudioVersion = 10.0.40219.1
Project("{FAE04EC0-301F-11D3-BF4B-00C04F79EFBC}") = "BalanceRoyale", "BalanceRoyale\BalanceRoyale.csproj", "{D86C2662-6957-4A26-9C3F-A4750507D7BC}"
EndProject
Project("{2150E333-8FDC-42A3-9474-1A3956D46DE8}") = "Solution Items", "Solution Items", "{96C9BD75-D6FA-4ECE-A4E4-8D7BD16DAD23}"
	ProjectSection(SolutionItems) = preProject
		.gitignore = .gitignore
		LICENSE = LICENSE
	EndProjectSection
EndProject
Global
	GlobalSection(SolutionConfigurationPlatforms) = preSolution
		Debug|Any CPU = Debug|Any CPU
		Release|Any CPU = Release|Any CPU
	EndGlobalSection
	GlobalSection(ProjectConfigurationPlatforms) = postSolution
		{D86C2662-6957-4A26-9C3F-A4750507D7BC}.Debug|Any CPU.ActiveCfg = Debug|Any CPU
		{D86C2662-6957-4A26-9C3F-A4750507D7BC}.Debug|Any CPU.Build.0 = Debug|Any CPU
		{D86C2662-6957-4A26-9C3F-A4750507D7BC}.Release|Any CPU.ActiveCfg = Release|Any CPU
		{D86C2662-6957-4A26-9C3F-A4750507D7BC}.Release|Any CPU.Build.0 = Release|Any CPU
	EndGlobalSection
	GlobalSection(SolutionProperties) = preSolution
		HideSolutionNode = FALSE
	EndGlobalSection
	GlobalSection(ExtensibilityGlobals) = postSolution
		SolutionGuid = {EAE1BB88-0188-43D3-84F9-C823F1CF5122}
	EndGlobalSection
EndGlobal
